{
  "name": "node-elf",
  "version": "1.0.0",
  "lockfileVersion": 2,
  "requires": true,
  "packages": {
    "": {
      "name": "node-elf",
      "version": "1.0.0",
      "license": "ISC",
      "dependencies": {
        "node-addon-api": "^1.1.0"
      },
      "devDependencies": {
        "images": "^3.2.4"
      }
    },
    "node_modules/images": {
      "version": "3.2.4",
      "resolved": "https://registry.npmjs.org/images/-/images-3.2.4.tgz",
      "integrity": "sha512-Uq61/Q8XixCRyKvws7tPwboK0O70Dbr4kMQZHw2dqdEhnU6TpaGwyMg0vzQ4aaGtrO9N3etq46XwF7hxbqp8ug==",
      "dev": true,
      "hasInstallScript": true
    },
    "node_modules/node-addon-api": {
      "version": "1.7.2",
      "resolved": "https://registry.npmjs.org/node-addon-api/-/node-addon-api-1.7.2.tgz",
      "integrity": "sha512-ibPK3iA+vaY1eEjESkQkM0BbCqFOaZMiXRTtdB0u7b4djtY6JnsjvPdUHVMg6xQt3B8fpTTWHI9A+ADjM9frzg=="
    }
  },
  "dependencies": {
    "images": {
      "version": "3.2.4",
      "resolved": "https://registry.npmjs.org/images/-/images-3.2.4.tgz",
      "integrity": "sha512-Uq61/Q8XixCRyKvws7tPwboK0O70Dbr4kMQZHw2dqdEhnU6TpaGwyMg0vzQ4aaGtrO9N3etq46XwF7hxbqp8ug==",
      "dev": true
    },
    "node-addon-api": {
      "version": "1.7.2",
      "resolved": "https://registry.npmjs.org/node-addon-api/-/node-addon-api-1.7.2.tgz",
      "integrity": "sha512-ibPK3iA+vaY1eEjESkQkM0BbCqFOaZMiXRTtdB0u7b4djtY6JnsjvPdUHVMg6xQt3B8fpTTWHI9A+ADjM9frzg=="
    }
  }
}
